
Microsoft Visual Studio Solution File, Format Version 12.00
# Visual Studio Version 17
VisualStudioVersion = 17.5.002.0
MinimumVisualStudioVersion = 10.0.40219.1
Project("{9A19103F-16F7-4668-BE54-9A1E7A4F7556}") = "SixMinApi", "SixMinApi.csproj", "{2B03161D-4E6B-403E-8B07-B37B0042FD4B}"
EndProject
Global
	GlobalSection(SolutionConfigurationPlatforms) = preSolution
		Debug|Any CPU = Debug|Any CPU
		Release|Any CPU = Release|Any CPU
	EndGlobalSection
	GlobalSection(ProjectConfigurationPlatforms) = postSolution
		{2B03161D-4E6B-403E-8B07-B37B0042FD4B}.Debug|Any CPU.ActiveCfg = Debug|Any CPU
		{2B03161D-4E6B-403E-8B07-B37B0042FD4B}.Debug|Any CPU.Build.0 = Debug|Any CPU
		{2B03161D-4E6B-403E-8B07-B37B0042FD4B}.Release|Any CPU.ActiveCfg = Release|Any CPU
		{2B03161D-4E6B-403E-8B07-B37B0042FD4B}.Release|Any CPU.Build.0 = Release|Any CPU
	EndGlobalSection
	GlobalSection(SolutionProperties) = preSolution
		HideSolutionNode = FALSE
	EndGlobalSection
	GlobalSection(ExtensibilityGlobals) = postSolution
		SolutionGuid = {7DC36C1C-BC0A-4E21-ACDC-41E98ACDC6AA}
	EndGlobalSection
EndGlobal
